
Microsoft Visual Studio Solution File, Format Version 12.00
# Visual Studio Version 16
VisualStudioVersion = 16.0.30611.23
MinimumVisualStudioVersion = 10.0.40219.1
Project("{FAE04EC0-301F-11D3-BF4B-00C04F79EFBC}") = "booleansCS", "booleansCS.csproj", "{064FF0F7-6935-4784-A944-3DDD9C67CA09}"
EndProject
Global
	GlobalSection(SolutionConfigurationPlatforms) = preSolution
		Debug|Any CPU = Debug|Any CPU
		Release|Any CPU = Release|Any CPU
	EndGlobalSection
	GlobalSection(ProjectConfigurationPlatforms) = postSolution
		{064FF0F7-6935-4784-A944-3DDD9C67CA09}.Debug|Any CPU.ActiveCfg = Debug|Any CPU
		{064FF0F7-6935-4784-A944-3DDD9C67CA09}.Debug|Any CPU.Build.0 = Debug|Any CPU
		{064FF0F7-6935-4784-A944-3DDD9C67CA09}.Release|Any CPU.ActiveCfg = Release|Any CPU
		{064FF0F7-6935-4784-A944-3DDD9C67CA09}.Release|Any CPU.Build.0 = Release|Any CPU
	EndGlobalSection
	GlobalSection(SolutionProperties) = preSolution
		HideSolutionNode = FALSE
	EndGlobalSection
	GlobalSection(ExtensibilityGlobals) = postSolution
		SolutionGuid = {8C24DABE-016F-475C-A068-28800654C46D}
	EndGlobalSection
EndGlobal
